# THIS IS AN AUTOGENERATED FILE. DO NOT EDIT THIS FILE DIRECTLY.
# yarn lockfile v1


"@types/mocha@^2.2.41":
  version "2.2.41"
  resolved "https://registry.yarnpkg.com/@types/mocha/-/mocha-2.2.41.tgz#e27cf0817153eb9f2713b2d3f6c68f1e1c3ca608"

"@types/node@^8.0.23":
  version "8.0.23"
  resolved "https://registry.yarnpkg.com/@types/node/-/node-8.0.23.tgz#c746697004782346594a0d755c34425bbf3014d2"
